
Microsoft Visual Studio Solution File, Format Version 12.00
# Visual Studio Version 16
VisualStudioVersion = 16.0.31605.320
MinimumVisualStudioVersion = 10.0.40219.1
Project("{FAE04EC0-301F-11D3-BF4B-00C04F79EFBC}") = "ProjetoEstudoDotNet", "ProjetoEstudoDotNet.csproj", "{52512301-D8F8-4CB8-8314-0F7C2A31E5E1}"
EndProject
Project("{FAE04EC0-301F-11D3-BF4B-00C04F79EFBC}") = "WebServer", "..\WebServer\WebServer.csproj", "{4993CD8C-737D-41B9-93EA-0F1108439F6E}"
EndProject
Global
	GlobalSection(SolutionConfigurationPlatforms) = preSolution
		Debug|Any CPU = Debug|Any CPU
		Release|Any CPU = Release|Any CPU
	EndGlobalSection
	GlobalSection(ProjectConfigurationPlatforms) = postSolution
		{52512301-D8F8-4CB8-8314-0F7C2A31E5E1}.Debug|Any CPU.ActiveCfg = Debug|Any CPU
		{52512301-D8F8-4CB8-8314-0F7C2A31E5E1}.Debug|Any CPU.Build.0 = Debug|Any CPU
		{52512301-D8F8-4CB8-8314-0F7C2A31E5E1}.Release|Any CPU.ActiveCfg = Release|Any CPU
		{52512301-D8F8-4CB8-8314-0F7C2A31E5E1}.Release|Any CPU.Build.0 = Release|Any CPU
		{4993CD8C-737D-41B9-93EA-0F1108439F6E}.Debug|Any CPU.ActiveCfg = Debug|Any CPU
		{4993CD8C-737D-41B9-93EA-0F1108439F6E}.Debug|Any CPU.Build.0 = Debug|Any CPU
		{4993CD8C-737D-41B9-93EA-0F1108439F6E}.Release|Any CPU.ActiveCfg = Release|Any CPU
		{4993CD8C-737D-41B9-93EA-0F1108439F6E}.Release|Any CPU.Build.0 = Release|Any CPU
	EndGlobalSection
	GlobalSection(SolutionProperties) = preSolution
		HideSolutionNode = FALSE
	EndGlobalSection
	GlobalSection(ExtensibilityGlobals) = postSolution
		SolutionGuid = {4F33156B-6838-42FD-AEB9-462F76931689}
	EndGlobalSection
EndGlobal
